<?xml version="1.0" encoding="utf-8"?>
<Project ToolsVersion="4.0" xmlns="http://schemas.microsoft.com/developer/msbuild/2003">
  <ItemGroup>
    <Filter Include="Source Files">
      <UniqueIdentifier>{4FC737F1-C7A5-4376-A066-2A32D752A2FF}</UniqueIdentifier>
      <Extensions>cpp;c;cc;cxx;c++;cppm;ixx;def;odl;idl;hpj;bat;asm;asmx</Extensions>
    </Filter>
    <Filter Include="Header Files">
      <UniqueIdentifier>{93995380-89BD-4b04-88EB-625FBE52EBFB}</UniqueIdentifier>
      <Extensions>h;hh;hpp;hxx;h++;hm;inl;inc;ipp;xsd</Extensions>
    </Filter>
    <Filter Include="Resource Files">
      <UniqueIdentifier>{67DA6AB6-F800-4c08-8B7A-83BB121AAD01}</UniqueIdentifier>
      <Extensions>rc;ico;cur;bmp;dlg;rc2;rct;bin;rgs;gif;jpg;jpeg;jpe;resx;tiff;tif;png;wav;mfcribbon-ms</Extensions>
    </Filter>
    <Filter Include="Header Files\API">
      <UniqueIdentifier>{82535862-02d7-4b61-8d38-f99e294e64c7}</UniqueIdentifier>
    </Filter>
    <Filter Include="Source Files\API">
      <UniqueIdentifier>{d54b7894-3a34-4712-b280-42b3ed5ae0cd}</UniqueIdentifier>
    </Filter>
    <Filter Include="Header Files\Hook">
      <UniqueIdentifier>{1627df08-4da8-4fe8-a9f8-fa5e2f6f83b8}</UniqueIdentifier>
    </Filter>
    <Filter Include="Source Files\Hook">
      <UniqueIdentifier>{8971882a-afd9-4a4f-a32d-4871ccbd49ed}</UniqueIdentifier>
    </Filter>
    <Filter Include="Header Files\Hook\Enums">
      <UniqueIdentifier>{5c471121-4a92-4048-9bc3-b59afd3180b0}</UniqueIdentifier>
    </Filter>
    <Filter Include="Header Files\Hook\Patches">
      <UniqueIdentifier>{ef21502b-de2d-44dc-bff1-959858844582}</UniqueIdentifier>
    </Filter>
    <Filter Include="Source Files\Hook\Patches">
      <UniqueIdentifier>{c7359924-7ae0-45ff-af69-720760211324}</UniqueIdentifier>
    </Filter>
    <Filter Include="Header Files\Hook\Proxy">
      <UniqueIdentifier>{63a44f72-5291-4bfd-b838-0a976c9bfb3e}</UniqueIdentifier>
    </Filter>
    <Filter Include="Source Files\Hook\Proxy">
      <UniqueIdentifier>{1cf05798-4502-4e29-a836-2c199cc2598f}</UniqueIdentifier>
    </Filter>
    <Filter Include="Header Files\Hook\Proxy\Client">
      <UniqueIdentifier>{f443e6cd-525d-42ba-96fe-ecf6672e3456}</UniqueIdentifier>
    </Filter>
    <Filter Include="Source Files\Hook\Proxy\Client">
      <UniqueIdentifier>{931f1dc1-854f-4114-9fe4-6d29086244f2}</UniqueIdentifier>
    </Filter>
  </ItemGroup>
  <ItemGroup>
    <ClInclude Include="framework.hpp">
      <Filter>Header Files</Filter>
    </ClInclude>
    <ClInclude Include="pch.hpp">
      <Filter>Header Files</Filter>
    </ClInclude>
    <ClInclude Include="dinput8.hpp">
      <Filter>Header Files\API</Filter>
    </ClInclude>
    <ClInclude Include="Hook.hpp">
      <Filter>Header Files\Hook</Filter>
    </ClInclude>
    <ClInclude Include="Config.hpp">
      <Filter>Header Files\Hook</Filter>
    </ClInclude>
    <ClInclude Include="ExecutableType.hpp">
      <Filter>Header Files\Hook\Enums</Filter>
    </ClInclude>
    <ClInclude Include="Utils.hpp">
      <Filter>Header Files\Hook</Filter>
    </ClInclude>
    <ClInclude Include="ExitCode.hpp">
      <Filter>Header Files\Hook\Enums</Filter>
    </ClInclude>
    <ClInclude Include="PatchDNS.hpp">
      <Filter>Header Files\Hook\Patches</Filter>
    </ClInclude>
    <ClInclude Include="PatchSSL.hpp">
      <Filter>Header Files\Hook\Patches</Filter>
    </ClInclude>
    <ClInclude Include="WebSocketClient.hpp">
      <Filter>Header Files\Hook\Proxy\Client</Filter>
    </ClInclude>
  </ItemGroup>
  <ItemGroup>
    <ClCompile Include="dllmain.cpp">
      <Filter>Source Files</Filter>
    </ClCompile>
    <ClCompile Include="pch.cpp">
      <Filter>Source Files</Filter>
    </ClCompile>
    <ClCompile Include="dinput8.cpp">
      <Filter>Source Files\API</Filter>
    </ClCompile>
    <ClCompile Include="Hook.cpp">
      <Filter>Source Files\Hook</Filter>
    </ClCompile>
    <ClCompile Include="Config.cpp">
      <Filter>Source Files\Hook</Filter>
    </ClCompile>
    <ClCompile Include="Utils.cpp">
      <Filter>Source Files\Hook</Filter>
    </ClCompile>
    <ClCompile Include="PatchDNS.cpp">
      <Filter>Source Files\Hook\Patches</Filter>
    </ClCompile>
    <ClCompile Include="PatchSSL.cpp">
      <Filter>Source Files\Hook\Patches</Filter>
    </ClCompile>
    <ClCompile Include="Proxy.cpp">
      <Filter>Source Files\Hook\Proxy</Filter>
    </ClCompile>
    <ClCompile Include="WebSocketClient.cpp">
      <Filter>Source Files\Hook\Proxy\Client</Filter>
    </ClCompile>
  </ItemGroup>
</Project>